
Microsoft Visual Studio Solution File, Format Version 12.00
# Visual Studio Version 16
VisualStudioVersion = 16.0.30717.126
MinimumVisualStudioVersion = 10.0.40219.1
Project("{9A19103F-16F7-4668-BE54-9A1E7A4F7556}") = "MarkMyWords.Server", "MarkMyWords\Server\MarkMyWords.Server.csproj", "{C837FC2D-1C41-4DC1-ACE3-7B9A2E89DB21}"
EndProject
Project("{9A19103F-16F7-4668-BE54-9A1E7A4F7556}") = "MarkMyWords.Client", "MarkMyWords\Client\MarkMyWords.Client.csproj", "{B311F49D-970C-49E0-9F01-C97FB4331543}"
EndProject
Project("{9A19103F-16F7-4668-BE54-9A1E7A4F7556}") = "MarkMyWords.Shared", "MarkMyWords\Shared\MarkMyWords.Shared.csproj", "{E1265331-E6D1-4733-8A46-6B2BB9129E54}"
EndProject
Global
	GlobalSection(SolutionConfigurationPlatforms) = preSolution
		Debug|Any CPU = Debug|Any CPU
		Release|Any CPU = Release|Any CPU
	EndGlobalSection
	GlobalSection(ProjectConfigurationPlatforms) = postSolution
		{C837FC2D-1C41-4DC1-ACE3-7B9A2E89DB21}.Debug|Any CPU.ActiveCfg = Debug|Any CPU
		{C837FC2D-1C41-4DC1-ACE3-7B9A2E89DB21}.Debug|Any CPU.Build.0 = Debug|Any CPU
		{C837FC2D-1C41-4DC1-ACE3-7B9A2E89DB21}.Release|Any CPU.ActiveCfg = Release|Any CPU
		{C837FC2D-1C41-4DC1-ACE3-7B9A2E89DB21}.Release|Any CPU.Build.0 = Release|Any CPU
		{B311F49D-970C-49E0-9F01-C97FB4331543}.Debug|Any CPU.ActiveCfg = Debug|Any CPU
		{B311F49D-970C-49E0-9F01-C97FB4331543}.Debug|Any CPU.Build.0 = Debug|Any CPU
		{B311F49D-970C-49E0-9F01-C97FB4331543}.Release|Any CPU.ActiveCfg = Release|Any CPU
		{B311F49D-970C-49E0-9F01-C97FB4331543}.Release|Any CPU.Build.0 = Release|Any CPU
		{E1265331-E6D1-4733-8A46-6B2BB9129E54}.Debug|Any CPU.ActiveCfg = Debug|Any CPU
		{E1265331-E6D1-4733-8A46-6B2BB9129E54}.Debug|Any CPU.Build.0 = Debug|Any CPU
		{E1265331-E6D1-4733-8A46-6B2BB9129E54}.Release|Any CPU.ActiveCfg = Release|Any CPU
		{E1265331-E6D1-4733-8A46-6B2BB9129E54}.Release|Any CPU.Build.0 = Release|Any CPU
	EndGlobalSection
	GlobalSection(SolutionProperties) = preSolution
		HideSolutionNode = FALSE
	EndGlobalSection
	GlobalSection(ExtensibilityGlobals) = postSolution
		SolutionGuid = {103BBA0F-3595-42E3-A25A-CE3AFBC6D5CA}
	EndGlobalSection
EndGlobal
